
Microsoft Visual Studio Solution File, Format Version 11.00
# Visual Studio 2010
Project("{8BC9CEB8-8B4A-11D0-8D11-00A0C91BC942}") = "160628", "160628\160628.vcxproj", "{1FFA44B3-A119-4940-AC90-D4104F90D516}"
EndProject
Global
	GlobalSection(SolutionConfigurationPlatforms) = preSolution
		Debug|Win32 = Debug|Win32
		Release|Win32 = Release|Win32
	EndGlobalSection
	GlobalSection(ProjectConfigurationPlatforms) = postSolution
		{1FFA44B3-A119-4940-AC90-D4104F90D516}.Debug|Win32.ActiveCfg = Debug|Win32
		{1FFA44B3-A119-4940-AC90-D4104F90D516}.Debug|Win32.Build.0 = Debug|Win32
		{1FFA44B3-A119-4940-AC90-D4104F90D516}.Release|Win32.ActiveCfg = Release|Win32
		{1FFA44B3-A119-4940-AC90-D4104F90D516}.Release|Win32.Build.0 = Release|Win32
	EndGlobalSection
	GlobalSection(SolutionProperties) = preSolution
		HideSolutionNode = FALSE
	EndGlobalSection
EndGlobal
