
Microsoft Visual Studio Solution File, Format Version 11.00
# Visual Studio 2010
Project("{8BC9CEB8-8B4A-11D0-8D11-00A0C91BC942}") = "ex160819", "ex160819\ex160819.vcxproj", "{21D15A75-C671-4FD0-B74F-A8383C888F44}"
EndProject
Project("{8BC9CEB8-8B4A-11D0-8D11-00A0C91BC942}") = "TelPhoneBookApp10", "TelPhoneBookApp10\TelPhoneBookApp10.vcxproj", "{6AFA2155-7965-4F63-830F-686AAEDB9975}"
EndProject
Global
	GlobalSection(SolutionConfigurationPlatforms) = preSolution
		Debug|Win32 = Debug|Win32
		Release|Win32 = Release|Win32
	EndGlobalSection
	GlobalSection(ProjectConfigurationPlatforms) = postSolution
		{21D15A75-C671-4FD0-B74F-A8383C888F44}.Debug|Win32.ActiveCfg = Debug|Win32
		{21D15A75-C671-4FD0-B74F-A8383C888F44}.Debug|Win32.Build.0 = Debug|Win32
		{21D15A75-C671-4FD0-B74F-A8383C888F44}.Release|Win32.ActiveCfg = Release|Win32
		{21D15A75-C671-4FD0-B74F-A8383C888F44}.Release|Win32.Build.0 = Release|Win32
		{6AFA2155-7965-4F63-830F-686AAEDB9975}.Debug|Win32.ActiveCfg = Debug|Win32
		{6AFA2155-7965-4F63-830F-686AAEDB9975}.Debug|Win32.Build.0 = Debug|Win32
		{6AFA2155-7965-4F63-830F-686AAEDB9975}.Release|Win32.ActiveCfg = Release|Win32
		{6AFA2155-7965-4F63-830F-686AAEDB9975}.Release|Win32.Build.0 = Release|Win32
	EndGlobalSection
	GlobalSection(SolutionProperties) = preSolution
		HideSolutionNode = FALSE
	EndGlobalSection
EndGlobal
