
Microsoft Visual Studio Solution File, Format Version 11.00
# Visual Studio 2010
Project("{8BC9CEB8-8B4A-11D0-8D11-00A0C91BC942}") = "ex160712", "ex160712\ex160712.vcxproj", "{CB51BC67-2F55-4B6F-8FC4-F55344C8ACFC}"
EndProject
Global
	GlobalSection(SolutionConfigurationPlatforms) = preSolution
		Debug|Win32 = Debug|Win32
		Release|Win32 = Release|Win32
	EndGlobalSection
	GlobalSection(ProjectConfigurationPlatforms) = postSolution
		{CB51BC67-2F55-4B6F-8FC4-F55344C8ACFC}.Debug|Win32.ActiveCfg = Debug|Win32
		{CB51BC67-2F55-4B6F-8FC4-F55344C8ACFC}.Debug|Win32.Build.0 = Debug|Win32
		{CB51BC67-2F55-4B6F-8FC4-F55344C8ACFC}.Release|Win32.ActiveCfg = Release|Win32
		{CB51BC67-2F55-4B6F-8FC4-F55344C8ACFC}.Release|Win32.Build.0 = Release|Win32
	EndGlobalSection
	GlobalSection(SolutionProperties) = preSolution
		HideSolutionNode = FALSE
	EndGlobalSection
EndGlobal
