
Microsoft Visual Studio Solution File, Format Version 11.00
# Visual Studio 2010
Project("{8BC9CEB8-8B4A-11D0-8D11-00A0C91BC942}") = "LibClient", "LibClient\LibClient.vcxproj", "{FF920E7D-91AA-41E7-8395-AC9CE64644F9}"
EndProject
Global
	GlobalSection(SolutionConfigurationPlatforms) = preSolution
		Debug|Win32 = Debug|Win32
		Release|Win32 = Release|Win32
	EndGlobalSection
	GlobalSection(ProjectConfigurationPlatforms) = postSolution
		{FF920E7D-91AA-41E7-8395-AC9CE64644F9}.Debug|Win32.ActiveCfg = Debug|Win32
		{FF920E7D-91AA-41E7-8395-AC9CE64644F9}.Debug|Win32.Build.0 = Debug|Win32
		{FF920E7D-91AA-41E7-8395-AC9CE64644F9}.Release|Win32.ActiveCfg = Release|Win32
		{FF920E7D-91AA-41E7-8395-AC9CE64644F9}.Release|Win32.Build.0 = Release|Win32
	EndGlobalSection
	GlobalSection(SolutionProperties) = preSolution
		HideSolutionNode = FALSE
	EndGlobalSection
EndGlobal
