
Microsoft Visual Studio Solution File, Format Version 11.00
# Visual Studio 2010
Project("{8BC9CEB8-8B4A-11D0-8D11-00A0C91BC942}") = "ex160624", "ex160624\ex160624.vcxproj", "{4DBEC5F9-1E61-4505-8060-9742A40F7656}"
EndProject
Global
	GlobalSection(SolutionConfigurationPlatforms) = preSolution
		Debug|Win32 = Debug|Win32
		Release|Win32 = Release|Win32
	EndGlobalSection
	GlobalSection(ProjectConfigurationPlatforms) = postSolution
		{4DBEC5F9-1E61-4505-8060-9742A40F7656}.Debug|Win32.ActiveCfg = Debug|Win32
		{4DBEC5F9-1E61-4505-8060-9742A40F7656}.Debug|Win32.Build.0 = Debug|Win32
		{4DBEC5F9-1E61-4505-8060-9742A40F7656}.Release|Win32.ActiveCfg = Release|Win32
		{4DBEC5F9-1E61-4505-8060-9742A40F7656}.Release|Win32.Build.0 = Release|Win32
	EndGlobalSection
	GlobalSection(SolutionProperties) = preSolution
		HideSolutionNode = FALSE
	EndGlobalSection
EndGlobal
