
Microsoft Visual Studio Solution File, Format Version 11.00
# Visual Studio 2010
Project("{8BC9CEB8-8B4A-11D0-8D11-00A0C91BC942}") = "ex160726", "ex160726\ex160726.vcxproj", "{D5B2C9FF-F0D9-422F-B271-4B0F9877D4D5}"
EndProject
Global
	GlobalSection(SolutionConfigurationPlatforms) = preSolution
		Debug|Win32 = Debug|Win32
		Release|Win32 = Release|Win32
	EndGlobalSection
	GlobalSection(ProjectConfigurationPlatforms) = postSolution
		{D5B2C9FF-F0D9-422F-B271-4B0F9877D4D5}.Debug|Win32.ActiveCfg = Debug|Win32
		{D5B2C9FF-F0D9-422F-B271-4B0F9877D4D5}.Debug|Win32.Build.0 = Debug|Win32
		{D5B2C9FF-F0D9-422F-B271-4B0F9877D4D5}.Release|Win32.ActiveCfg = Release|Win32
		{D5B2C9FF-F0D9-422F-B271-4B0F9877D4D5}.Release|Win32.Build.0 = Release|Win32
	EndGlobalSection
	GlobalSection(SolutionProperties) = preSolution
		HideSolutionNode = FALSE
	EndGlobalSection
EndGlobal
